
Microsoft Visual Studio Solution File, Format Version 12.00
# Visual Studio 2017
Project("{FAE04EC0-301F-11D3-BF4B-00C04F79EFBC}") = "Smash Bros School", "Smash Bros School.csproj", "{65C545FF-FF96-FF8F-2995-AC076DFBBFD1}"
EndProject
Global
	GlobalSection(SolutionConfigurationPlatforms) = preSolution
		Debug|Any CPU = Debug|Any CPU
		Release|Any CPU = Release|Any CPU
	EndGlobalSection
	GlobalSection(ProjectConfigurationPlatforms) = postSolution
		{65C545FF-FF96-FF8F-2995-AC076DFBBFD1}.Debug|Any CPU.ActiveCfg = Debug|Any CPU
		{65C545FF-FF96-FF8F-2995-AC076DFBBFD1}.Debug|Any CPU.Build.0 = Debug|Any CPU
		{65C545FF-FF96-FF8F-2995-AC076DFBBFD1}.Release|Any CPU.ActiveCfg = Release|Any CPU
		{65C545FF-FF96-FF8F-2995-AC076DFBBFD1}.Release|Any CPU.Build.0 = Release|Any CPU
	EndGlobalSection
	GlobalSection(SolutionProperties) = preSolution
		HideSolutionNode = FALSE
	EndGlobalSection
EndGlobal
